
Microsoft Visual Studio Solution File, Format Version 12.00
# Visual Studio Version 17
VisualStudioVersion = 17.14.36429.23
MinimumVisualStudioVersion = 10.0.40219.1
Project("{FAE04EC0-301F-11D3-BF4B-00C04F79EFBC}") = "Front", "Front\Front.csproj", "{EF03391C-B65B-48FC-B658-4B02E9895182}"
EndProject
Global
	GlobalSection(SolutionConfigurationPlatforms) = preSolution
		Debug|Any CPU = Debug|Any CPU
		Release|Any CPU = Release|Any CPU
	EndGlobalSection
	GlobalSection(ProjectConfigurationPlatforms) = postSolution
		{EF03391C-B65B-48FC-B658-4B02E9895182}.Debug|Any CPU.ActiveCfg = Debug|Any CPU
		{EF03391C-B65B-48FC-B658-4B02E9895182}.Debug|Any CPU.Build.0 = Debug|Any CPU
		{EF03391C-B65B-48FC-B658-4B02E9895182}.Release|Any CPU.ActiveCfg = Release|Any CPU
		{EF03391C-B65B-48FC-B658-4B02E9895182}.Release|Any CPU.Build.0 = Release|Any CPU
	EndGlobalSection
	GlobalSection(SolutionProperties) = preSolution
		HideSolutionNode = FALSE
	EndGlobalSection
	GlobalSection(ExtensibilityGlobals) = postSolution
		SolutionGuid = {7C43B20F-6256-4344-9139-886CFBAAA7B2}
	EndGlobalSection
EndGlobal
